// !$*UTF8*$!
{
	archiveVersion = 1;
	classes = {
	};
	objectVersion = 46;
	objects = {

/* Begin PBXBuildFile section */
		C51CAC74193AA29D00C49846 /* Foundation.framework in Frameworks */ = {isa = PBXBuildFile; fileRef = C51CAC73193AA29D00C49846 /* Foundation.framework */; };
		C51CAC76193AA29D00C49846 /* CoreGraphics.framework in Frameworks */ = {isa = PBXBuildFile; fileRef = C51CAC75193AA29D00C49846 /* CoreGraphics.framework */; };
		C51CAC78193AA29D00C49846 /* UIKit.framework in Frameworks */ = {isa = PBXBuildFile; fileRef = C51CAC77193AA29D00C49846 /* UIKit.framework */; };
		C51CAC7E193AA29D00C49846 /* InfoPlist.strings in Resources */ = {isa = PBXBuildFile; fileRef = C51CAC7C193AA29D00C49846 /* InfoPlist.strings */; };
		C51CAC80193AA29D00C49846 /* main.m in Sources */ = {isa = PBXBuildFile; fileRef = C51CAC7F193AA29D00C49846 /* main.m */; };
		C51CAC84193AA29D00C49846 /* BRAppDelegate.m in Sources */ = {isa = PBXBuildFile; fileRef = C51CAC83193AA29D00C49846 /* BRAppDelegate.m */; };
		C51CAC87193AA29D00C49846 /* Main.storyboard in Resources */ = {isa = PBXBuildFile; fileRef = C51CAC85193AA29D00C49846 /* Main.storyboard */; };
		C51CAC8C193AA29D00C49846 /* Images.xcassets in Resources */ = {isa = PBXBuildFile; fileRef = C51CAC8B193AA29D00C49846 /* Images.xcassets */; };
		C51CAC93193AA29D00C49846 /* XCTest.framework in Frameworks */ = {isa = PBXBuildFile; fileRef = C51CAC92193AA29D00C49846 /* XCTest.framework */; };
		C51CAC94193AA29D00C49846 /* Foundation.framework in Frameworks */ = {isa = PBXBuildFile; fileRef = C51CAC73193AA29D00C49846 /* Foundation.framework */; };
		C51CAC95193AA29D00C49846 /* UIKit.framework in Frameworks */ = {isa = PBXBuildFile; fileRef = C51CAC77193AA29D00C49846 /* UIKit.framework */; };
		C51CAC9D193AA29D00C49846 /* InfoPlist.strings in Resources */ = {isa = PBXBuildFile; fileRef = C51CAC9B193AA29D00C49846 /* InfoPlist.strings */; };
		C51CAC9F193AA29D00C49846 /* BirthdayReminderTests.m in Sources */ = {isa = PBXBuildFile; fileRef = C51CAC9E193AA29D00C49846 /* BirthdayReminderTests.m */; };
		C51CACC0193AA8DB00C49846 /* files in Resources */ = {isa = PBXBuildFile; fileRef = C51CACBF193AA8DB00C49846 /* files */; };
		C5B6DFE51B5AF9FA009C89E6 /* BRHomeViewController.m in Sources */ = {isa = PBXBuildFile; fileRef = C5B6DFE41B5AF9FA009C89E6 /* BRHomeViewController.m */; };
		C5B6DFE81B5AFAA6009C89E6 /* BRBirthdayDetailViewController.m in Sources */ = {isa = PBXBuildFile; fileRef = C5B6DFE71B5AFAA6009C89E6 /* BRBirthdayDetailViewController.m */; };
		C5B6DFEB1B5B0AA9009C89E6 /* BRBirthdayEditViewController.m in Sources */ = {isa = PBXBuildFile; fileRef = C5B6DFEA1B5B0AA9009C89E6 /* BRBirthdayEditViewController.m */; };
		C5B6DFEE1B5B1085009C89E6 /* BRCoreViewController.m in Sources */ = {isa = PBXBuildFile; fileRef = C5B6DFED1B5B1085009C89E6 /* BRCoreViewController.m */; };
		C5B6DFF11B5B144A009C89E6 /* BRNotesEditViewController.m in Sources */ = {isa = PBXBuildFile; fileRef = C5B6DFF01B5B144A009C89E6 /* BRNotesEditViewController.m */; };
		C5B6DFF41B5B1576009C89E6 /* BRSettingsViewController.m in Sources */ = {isa = PBXBuildFile; fileRef = C5B6DFF31B5B1576009C89E6 /* BRSettingsViewController.m */; };
		C5B6DFF71B5B164C009C89E6 /* BRNotificationTimeViewController.m in Sources */ = {isa = PBXBuildFile; fileRef = C5B6DFF61B5B164C009C89E6 /* BRNotificationTimeViewController.m */; };
/* End PBXBuildFile section */

/* Begin PBXContainerItemProxy section */
		C51CAC96193AA29D00C49846 /* PBXContainerItemProxy */ = {
			isa = PBXContainerItemProxy;
			containerPortal = C51CAC68193AA29D00C49846 /* Project object */;
			proxyType = 1;
			remoteGlobalIDString = C51CAC6F193AA29D00C49846;
			remoteInfo = BirthdayReminder;
		};
/* End PBXContainerItemProxy section */

/* Begin PBXFileReference section */
		C51CAC73193AA29D00C49846 /* Foundation.framework */ = {isa = PBXFileReference; lastKnownFileType = wrapper.framework; name = Foundation.framework; path = System/Library/Frameworks/Foundation.framework; sourceTree = SDKROOT; };
		C51CAC75193AA29D00C49846 /* CoreGraphics.framework */ = {isa = PBXFileReference; lastKnownFileType = wrapper.framework; name = CoreGraphics.framework; path = System/Library/Frameworks/CoreGraphics.framework; sourceTree = SDKROOT; };
		C51CAC77193AA29D00C49846 /* UIKit.framework */ = {isa = PBXFileReference; lastKnownFileType = wrapper.framework; name = UIKit.framework; path = System/Library/Frameworks/UIKit.framework; sourceTree = SDKROOT; };
		C51CAC7B193AA29D00C49846 /* BirthdayReminder-Info.plist */ = {isa = PBXFileReference; lastKnownFileType = text.plist.xml; path = "BirthdayReminder-Info.plist"; sourceTree = "<group>"; };
		C51CAC7D193AA29D00C49846 /* en */ = {isa = PBXFileReference; lastKnownFileType = text.plist.strings; name = en; path = en.lproj/InfoPlist.strings; sourceTree = "<group>"; };
		C51CAC7F193AA29D00C49846 /* main.m */ = {isa = PBXFileReference; lastKnownFileType = sourcecode.c.objc; path = main.m; sourceTree = "<group>"; };
		C51CAC81193AA29D00C49846 /* BirthdayReminder-Prefix.pch */ = {isa = PBXFileReference; lastKnownFileType = sourcecode.c.h; path = "BirthdayReminder-Prefix.pch"; sourceTree = "<group>"; };
		C51CAC82193AA29D00C49846 /* BRAppDelegate.h */ = {isa = PBXFileReference; lastKnownFileType = sourcecode.c.h; path = BRAppDelegate.h; sourceTree = "<group>"; };
		C51CAC83193AA29D00C49846 /* BRAppDelegate.m */ = {isa = PBXFileReference; lastKnownFileType = sourcecode.c.objc; path = BRAppDelegate.m; sourceTree = "<group>"; };
		C51CAC86193AA29D00C49846 /* Base */ = {isa = PBXFileReference; lastKnownFileType = file.storyboard; name = Base; path = Base.lproj/Main.storyboard; sourceTree = "<group>"; };
		C51CAC8B193AA29D00C49846 /* Images.xcassets */ = {isa = PBXFileReference; lastKnownFileType = folder.assetcatalog; path = Images.xcassets; sourceTree = "<group>"; };
		C51CAC92193AA29D00C49846 /* XCTest.framework */ = {isa = PBXFileReference; lastKnownFileType = wrapper.framework; name = XCTest.framework; path = Library/Frameworks/XCTest.framework; sourceTree = DEVELOPER_DIR; };
		C51CAC9A193AA29D00C49846 /* BirthdayReminderTests-Info.plist */ = {isa = PBXFileReference; lastKnownFileType = text.plist.xml; path = "BirthdayReminderTests-Info.plist"; sourceTree = "<group>"; };
		C51CAC9C193AA29D00C49846 /* en */ = {isa = PBXFileReference; lastKnownFileType = text.plist.strings; name = en; path = en.lproj/InfoPlist.strings; sourceTree = "<group>"; };
		C51CAC9E193AA29D00C49846 /* BirthdayReminderTests.m */ = {isa = PBXFileReference; lastKnownFileType = sourcecode.c.objc; path = BirthdayReminderTests.m; sourceTree = "<group>"; };
		C51CACBF193AA8DB00C49846 /* files */ = {isa = PBXFileReference; lastKnownFileType = folder; path = files; sourceTree = "<group>"; };
		C5B17141193AB0DF00CF43AA /* BirthdayReminder.app */ = {isa = PBXFileReference; explicitFileType = wrapper.application; includeInIndex = 0; path = BirthdayReminder.app; sourceTree = BUILT_PRODUCTS_DIR; };
		C5B6DFDB1B5AF1AF009C89E6 /* BirthdayReminderTests.xctest */ = {isa = PBXFileReference; explicitFileType = wrapper.cfbundle; includeInIndex = 0; path = BirthdayReminderTests.xctest; sourceTree = BUILT_PRODUCTS_DIR; };
		C5B6DFE31B5AF9FA009C89E6 /* BRHomeViewController.h */ = {isa = PBXFileReference; fileEncoding = 4; lastKnownFileType = sourcecode.c.h; path = BRHomeViewController.h; sourceTree = "<group>"; };
		C5B6DFE41B5AF9FA009C89E6 /* BRHomeViewController.m */ = {isa = PBXFileReference; fileEncoding = 4; lastKnownFileType = sourcecode.c.objc; path = BRHomeViewController.m; sourceTree = "<group>"; };
		C5B6DFE61B5AFAA6009C89E6 /* BRBirthdayDetailViewController.h */ = {isa = PBXFileReference; fileEncoding = 4; lastKnownFileType = sourcecode.c.h; path = BRBirthdayDetailViewController.h; sourceTree = "<group>"; };
		C5B6DFE71B5AFAA6009C89E6 /* BRBirthdayDetailViewController.m */ = {isa = PBXFileReference; fileEncoding = 4; lastKnownFileType = sourcecode.c.objc; path = BRBirthdayDetailViewController.m; sourceTree = "<group>"; };
		C5B6DFE91B5B0AA9009C89E6 /* BRBirthdayEditViewController.h */ = {isa = PBXFileReference; fileEncoding = 4; lastKnownFileType = sourcecode.c.h; path = BRBirthdayEditViewController.h; sourceTree = "<group>"; };
		C5B6DFEA1B5B0AA9009C89E6 /* BRBirthdayEditViewController.m */ = {isa = PBXFileReference; fileEncoding = 4; lastKnownFileType = sourcecode.c.objc; path = BRBirthdayEditViewController.m; sourceTree = "<group>"; };
		C5B6DFEC1B5B1085009C89E6 /* BRCoreViewController.h */ = {isa = PBXFileReference; fileEncoding = 4; lastKnownFileType = sourcecode.c.h; path = BRCoreViewController.h; sourceTree = "<group>"; };
		C5B6DFED1B5B1085009C89E6 /* BRCoreViewController.m */ = {isa = PBXFileReference; fileEncoding = 4; lastKnownFileType = sourcecode.c.objc; path = BRCoreViewController.m; sourceTree = "<group>"; };
		C5B6DFEF1B5B144A009C89E6 /* BRNotesEditViewController.h */ = {isa = PBXFileReference; fileEncoding = 4; lastKnownFileType = sourcecode.c.h; path = BRNotesEditViewController.h; sourceTree = "<group>"; };
		C5B6DFF01B5B144A009C89E6 /* BRNotesEditViewController.m */ = {isa = PBXFileReference; fileEncoding = 4; lastKnownFileType = sourcecode.c.objc; path = BRNotesEditViewController.m; sourceTree = "<group>"; };
		C5B6DFF21B5B1576009C89E6 /* BRSettingsViewController.h */ = {isa = PBXFileReference; fileEncoding = 4; lastKnownFileType = sourcecode.c.h; path = BRSettingsViewController.h; sourceTree = "<group>"; };
		C5B6DFF31B5B1576009C89E6 /* BRSettingsViewController.m */ = {isa = PBXFileReference; fileEncoding = 4; lastKnownFileType = sourcecode.c.objc; path = BRSettingsViewController.m; sourceTree = "<group>"; };
		C5B6DFF51B5B164C009C89E6 /* BRNotificationTimeViewController.h */ = {isa = PBXFileReference; fileEncoding = 4; lastKnownFileType = sourcecode.c.h; path = BRNotificationTimeViewController.h; sourceTree = "<group>"; };
		C5B6DFF61B5B164C009C89E6 /* BRNotificationTimeViewController.m */ = {isa = PBXFileReference; fileEncoding = 4; lastKnownFileType = sourcecode.c.objc; path = BRNotificationTimeViewController.m; sourceTree = "<group>"; };
/* End PBXFileReference section */

/* Begin PBXFrameworksBuildPhase section */
		C51CAC6D193AA29D00C49846 /* Frameworks */ = {
			isa = PBXFrameworksBuildPhase;
			buildActionMask = 2147483647;
			files = (
				C51CAC76193AA29D00C49846 /* CoreGraphics.framework in Frameworks */,
				C51CAC78193AA29D00C49846 /* UIKit.framework in Frameworks */,
				C51CAC74193AA29D00C49846 /* Foundation.framework in Frameworks */,
			);
			runOnlyForDeploymentPostprocessing = 0;
		};
		C51CAC8E193AA29D00C49846 /* Frameworks */ = {
			isa = PBXFrameworksBuildPhase;
			buildActionMask = 2147483647;
			files = (
				C51CAC93193AA29D00C49846 /* XCTest.framework in Frameworks */,
				C51CAC95193AA29D00C49846 /* UIKit.framework in Frameworks */,
				C51CAC94193AA29D00C49846 /* Foundation.framework in Frameworks */,
			);
			runOnlyForDeploymentPostprocessing = 0;
		};
/* End PBXFrameworksBuildPhase section */

/* Begin PBXGroup section */
		C51CAC67193AA29D00C49846 = {
			isa = PBXGroup;
			children = (
				C51CAC79193AA29D00C49846 /* BirthdayReminder */,
				C51CAC98193AA29D00C49846 /* BirthdayReminderTests */,
				C51CAC72193AA29D00C49846 /* Frameworks */,
				C5B17141193AB0DF00CF43AA /* BirthdayReminder.app */,
				C5B6DFDB1B5AF1AF009C89E6 /* BirthdayReminderTests.xctest */,
			);
			sourceTree = "<group>";
		};
		C51CAC72193AA29D00C49846 /* Frameworks */ = {
			isa = PBXGroup;
			children = (
				C51CAC73193AA29D00C49846 /* Foundation.framework */,
				C51CAC75193AA29D00C49846 /* CoreGraphics.framework */,
				C51CAC77193AA29D00C49846 /* UIKit.framework */,
				C51CAC92193AA29D00C49846 /* XCTest.framework */,
			);
			name = Frameworks;
			sourceTree = "<group>";
		};
		C51CAC79193AA29D00C49846 /* BirthdayReminder */ = {
			isa = PBXGroup;
			children = (
				C5B6DFDE1B5AF886009C89E6 /* user-interface */,
				C51CAC82193AA29D00C49846 /* BRAppDelegate.h */,
				C51CAC83193AA29D00C49846 /* BRAppDelegate.m */,
				C51CAC85193AA29D00C49846 /* Main.storyboard */,
				C51CAC8B193AA29D00C49846 /* Images.xcassets */,
				C51CAC7A193AA29D00C49846 /* Supporting Files */,
			);
			path = BirthdayReminder;
			sourceTree = "<group>";
		};
		C51CAC7A193AA29D00C49846 /* Supporting Files */ = {
			isa = PBXGroup;
			children = (
				C51CACBF193AA8DB00C49846 /* files */,
				C51CAC7B193AA29D00C49846 /* BirthdayReminder-Info.plist */,
				C51CAC7C193AA29D00C49846 /* InfoPlist.strings */,
				C51CAC7F193AA29D00C49846 /* main.m */,
				C51CAC81193AA29D00C49846 /* BirthdayReminder-Prefix.pch */,
			);
			name = "Supporting Files";
			sourceTree = "<group>";
		};
		C51CAC98193AA29D00C49846 /* BirthdayReminderTests */ = {
			isa = PBXGroup;
			children = (
				C51CAC9E193AA29D00C49846 /* BirthdayReminderTests.m */,
				C51CAC99193AA29D00C49846 /* Supporting Files */,
			);
			path = BirthdayReminderTests;
			sourceTree = "<group>";
		};
		C51CAC99193AA29D00C49846 /* Supporting Files */ = {
			isa = PBXGroup;
			children = (
				C51CAC9A193AA29D00C49846 /* BirthdayReminderTests-Info.plist */,
				C51CAC9B193AA29D00C49846 /* InfoPlist.strings */,
			);
			name = "Supporting Files";
			sourceTree = "<group>";
		};
		C5B6DFDE1B5AF886009C89E6 /* user-interface */ = {
			isa = PBXGroup;
			children = (
				C5B6DFDF1B5AF886009C89E6 /* view-controllers */,
			);
			path = "user-interface";
			sourceTree = "<group>";
		};
		C5B6DFDF1B5AF886009C89E6 /* view-controllers */ = {
			isa = PBXGroup;
			children = (
				C5B6DFE31B5AF9FA009C89E6 /* BRHomeViewController.h */,
				C5B6DFE41B5AF9FA009C89E6 /* BRHomeViewController.m */,
				C5B6DFE61B5AFAA6009C89E6 /* BRBirthdayDetailViewController.h */,
				C5B6DFE71B5AFAA6009C89E6 /* BRBirthdayDetailViewController.m */,
				C5B6DFE91B5B0AA9009C89E6 /* BRBirthdayEditViewController.h */,
				C5B6DFEA1B5B0AA9009C89E6 /* BRBirthdayEditViewController.m */,
				C5B6DFEC1B5B1085009C89E6 /* BRCoreViewController.h */,
				C5B6DFED1B5B1085009C89E6 /* BRCoreViewController.m */,
				C5B6DFEF1B5B144A009C89E6 /* BRNotesEditViewController.h */,
				C5B6DFF01B5B144A009C89E6 /* BRNotesEditViewController.m */,
				C5B6DFF21B5B1576009C89E6 /* BRSettingsViewController.h */,
				C5B6DFF31B5B1576009C89E6 /* BRSettingsViewController.m */,
				C5B6DFF51B5B164C009C89E6 /* BRNotificationTimeViewController.h */,
				C5B6DFF61B5B164C009C89E6 /* BRNotificationTimeViewController.m */,
			);
			path = "view-controllers";
			sourceTree = "<group>";
		};
/* End PBXGroup section */

/* Begin PBXNativeTarget section */
		C51CAC6F193AA29D00C49846 /* BirthdayReminder */ = {
			isa = PBXNativeTarget;
			buildConfigurationList = C51CACA2193AA29D00C49846 /* Build configuration list for PBXNativeTarget "BirthdayReminder" */;
			buildPhases = (
				C51CAC6C193AA29D00C49846 /* Sources */,
				C51CAC6D193AA29D00C49846 /* Frameworks */,
				C51CAC6E193AA29D00C49846 /* Resources */,
			);
			buildRules = (
			);
			dependencies = (
			);
			name = BirthdayReminder;
			productName = BirthdayReminder;
			productReference = C5B17141193AB0DF00CF43AA /* BirthdayReminder.app */;
			productType = "com.apple.product-type.application";
		};
		C51CAC90193AA29D00C49846 /* BirthdayReminderTests */ = {
			isa = PBXNativeTarget;
			buildConfigurationList = C51CACA5193AA29D00C49846 /* Build configuration list for PBXNativeTarget "BirthdayReminderTests" */;
			buildPhases = (
				C51CAC8D193AA29D00C49846 /* Sources */,
				C51CAC8E193AA29D00C49846 /* Frameworks */,
				C51CAC8F193AA29D00C49846 /* Resources */,
			);
			buildRules = (
			);
			dependencies = (
				C51CAC97193AA29D00C49846 /* PBXTargetDependency */,
			);
			name = BirthdayReminderTests;
			productName = BirthdayReminderTests;
			productReference = C5B6DFDB1B5AF1AF009C89E6 /* BirthdayReminderTests.xctest */;
			productType = "com.apple.product-type.bundle.unit-test";
		};
/* End PBXNativeTarget section */

/* Begin PBXProject section */
		C51CAC68193AA29D00C49846 /* Project object */ = {
			isa = PBXProject;
			attributes = {
				CLASSPREFIX = BR;
				LastUpgradeCheck = 0510;
				ORGANIZATIONNAME = "project year six";
				TargetAttributes = {
					C51CAC90193AA29D00C49846 = {
						TestTargetID = C51CAC6F193AA29D00C49846;
					};
				};
			};
			buildConfigurationList = C51CAC6B193AA29D00C49846 /* Build configuration list for PBXProject "BirthdayReminder" */;
			compatibilityVersion = "Xcode 3.2";
			developmentRegion = English;
			hasScannedForEncodings = 0;
			knownRegions = (
				en,
				Base,
			);
			mainGroup = C51CAC67193AA29D00C49846;
			productRefGroup = C51CAC67193AA29D00C49846;
			projectDirPath = "";
			projectRoot = "";
			targets = (
				C51CAC6F193AA29D00C49846 /* BirthdayReminder */,
				C51CAC90193AA29D00C49846 /* BirthdayReminderTests */,
			);
		};
/* End PBXProject section */

/* Begin PBXResourcesBuildPhase section */
		C51CAC6E193AA29D00C49846 /* Resources */ = {
			isa = PBXResourcesBuildPhase;
			buildActionMask = 2147483647;
			files = (
				C51CACC0193AA8DB00C49846 /* files in Resources */,
				C51CAC8C193AA29D00C49846 /* Images.xcassets in Resources */,
				C51CAC7E193AA29D00C49846 /* InfoPlist.strings in Resources */,
				C51CAC87193AA29D00C49846 /* Main.storyboard in Resources */,
			);
			runOnlyForDeploymentPostprocessing = 0;
		};
		C51CAC8F193AA29D00C49846 /* Resources */ = {
			isa = PBXResourcesBuildPhase;
			buildActionMask = 2147483647;
			files = (
				C51CAC9D193AA29D00C49846 /* InfoPlist.strings in Resources */,
			);
			runOnlyForDeploymentPostprocessing = 0;
		};
/* End PBXResourcesBuildPhase section */

/* Begin PBXSourcesBuildPhase section */
		C51CAC6C193AA29D00C49846 /* Sources */ = {
			isa = PBXSourcesBuildPhase;
			buildActionMask = 2147483647;
			files = (
				C5B6DFE51B5AF9FA009C89E6 /* BRHomeViewController.m in Sources */,
				C5B6DFF41B5B1576009C89E6 /* BRSettingsViewController.m in Sources */,
				C5B6DFF71B5B164C009C89E6 /* BRNotificationTimeViewController.m in Sources */,
				C5B6DFEB1B5B0AA9009C89E6 /* BRBirthdayEditViewController.m in Sources */,
				C5B6DFE81B5AFAA6009C89E6 /* BRBirthdayDetailViewController.m in Sources */,
				C5B6DFEE1B5B1085009C89E6 /* BRCoreViewController.m in Sources */,
				C5B6DFF11B5B144A009C89E6 /* BRNotesEditViewController.m in Sources */,
				C51CAC84193AA29D00C49846 /* BRAppDelegate.m in Sources */,
				C51CAC80193AA29D00C49846 /* main.m in Sources */,
			);
			runOnlyForDeploymentPostprocessing = 0;
		};
		C51CAC8D193AA29D00C49846 /* Sources */ = {
			isa = PBXSourcesBuildPhase;
			buildActionMask = 2147483647;
			files = (
				C51CAC9F193AA29D00C49846 /* BirthdayReminderTests.m in Sources */,
			);
			runOnlyForDeploymentPostprocessing = 0;
		};
/* End PBXSourcesBuildPhase section */

/* Begin PBXTargetDependency section */
		C51CAC97193AA29D00C49846 /* PBXTargetDependency */ = {
			isa = PBXTargetDependency;
			target = C51CAC6F193AA29D00C49846 /* BirthdayReminder */;
			targetProxy = C51CAC96193AA29D00C49846 /* PBXContainerItemProxy */;
		};
/* End PBXTargetDependency section */

/* Begin PBXVariantGroup section */
		C51CAC7C193AA29D00C49846 /* InfoPlist.strings */ = {
			isa = PBXVariantGroup;
			children = (
				C51CAC7D193AA29D00C49846 /* en */,
			);
			name = InfoPlist.strings;
			sourceTree = "<group>";
		};
		C51CAC85193AA29D00C49846 /* Main.storyboard */ = {
			isa = PBXVariantGroup;
			children = (
				C51CAC86193AA29D00C49846 /* Base */,
			);
			name = Main.storyboard;
			sourceTree = "<group>";
		};
		C51CAC9B193AA29D00C49846 /* InfoPlist.strings */ = {
			isa = PBXVariantGroup;
			children = (
				C51CAC9C193AA29D00C49846 /* en */,
			);
			name = InfoPlist.strings;
			sourceTree = "<group>";
		};
/* End PBXVariantGroup section */

/* Begin XCBuildConfiguration section */
		C51CACA0193AA29D00C49846 /* Debug */ = {
			isa = XCBuildConfiguration;
			buildSettings = {
				ALWAYS_SEARCH_USER_PATHS = NO;
				CLANG_CXX_LANGUAGE_STANDARD = "gnu++0x";
				CLANG_CXX_LIBRARY = "libc++";
				CLANG_ENABLE_MODULES = YES;
				CLANG_ENABLE_OBJC_ARC = YES;
				CLANG_WARN_BOOL_CONVERSION = YES;
				CLANG_WARN_CONSTANT_CONVERSION = YES;
				CLANG_WARN_DIRECT_OBJC_ISA_USAGE = YES_ERROR;
				CLANG_WARN_EMPTY_BODY = YES;
				CLANG_WARN_ENUM_CONVERSION = YES;
				CLANG_WARN_INT_CONVERSION = YES;
				CLANG_WARN_OBJC_ROOT_CLASS = YES_ERROR;
				CLANG_WARN__DUPLICATE_METHOD_MATCH = YES;
				"CODE_SIGN_IDENTITY[sdk=iphoneos*]" = "iPhone Developer";
				COPY_PHASE_STRIP = NO;
				GCC_C_LANGUAGE_STANDARD = gnu99;
				GCC_DYNAMIC_NO_PIC = NO;
				GCC_OPTIMIZATION_LEVEL = 0;
				GCC_PREPROCESSOR_DEFINITIONS = (
					"DEBUG=1",
					"$(inherited)",
				);
				GCC_SYMBOLS_PRIVATE_EXTERN = NO;
				GCC_WARN_64_TO_32_BIT_CONVERSION = YES;
				GCC_WARN_ABOUT_RETURN_TYPE = YES_ERROR;
				GCC_WARN_UNDECLARED_SELECTOR = YES;
				GCC_WARN_UNINITIALIZED_AUTOS = YES_AGGRESSIVE;
				GCC_WARN_UNUSED_FUNCTION = YES;
				GCC_WARN_UNUSED_VARIABLE = YES;
				IPHONEOS_DEPLOYMENT_TARGET = 7.1;
				ONLY_ACTIVE_ARCH = YES;
				SDKROOT = iphoneos;
			};
			name = Debug;
		};
		C51CACA1193AA29D00C49846 /* Release */ = {
			isa = XCBuildConfiguration;
			buildSettings = {
				ALWAYS_SEARCH_USER_PATHS = NO;
				CLANG_CXX_LANGUAGE_STANDARD = "gnu++0x";
				CLANG_CXX_LIBRARY = "libc++";
				CLANG_ENABLE_MODULES = YES;
				CLANG_ENABLE_OBJC_ARC = YES;
				CLANG_WARN_BOOL_CONVERSION = YES;
				CLANG_WARN_CONSTANT_CONVERSION = YES;
				CLANG_WARN_DIRECT_OBJC_ISA_USAGE = YES_ERROR;
				CLANG_WARN_EMPTY_BODY = YES;
				CLANG_WARN_ENUM_CONVERSION = YES;
				CLANG_WARN_INT_CONVERSION = YES;
				CLANG_WARN_OBJC_ROOT_CLASS = YES_ERROR;
				CLANG_WARN__DUPLICATE_METHOD_MATCH = YES;
				"CODE_SIGN_IDENTITY[sdk=iphoneos*]" = "iPhone Developer";
				COPY_PHASE_STRIP = YES;
				ENABLE_NS_ASSERTIONS = NO;
				GCC_C_LANGUAGE_STANDARD = gnu99;
				GCC_WARN_64_TO_32_BIT_CONVERSION = YES;
				GCC_WARN_ABOUT_RETURN_TYPE = YES_ERROR;
				GCC_WARN_UNDECLARED_SELECTOR = YES;
				GCC_WARN_UNINITIALIZED_AUTOS = YES_AGGRESSIVE;
				GCC_WARN_UNUSED_FUNCTION = YES;
				GCC_WARN_UNUSED_VARIABLE = YES;
				IPHONEOS_DEPLOYMENT_TARGET = 7.1;
				SDKROOT = iphoneos;
				VALIDATE_PRODUCT = YES;
			};
			name = Release;
		};
		C51CACA3193AA29D00C49846 /* Debug */ = {
			isa = XCBuildConfiguration;
			buildSettings = {
				ASSETCATALOG_COMPILER_APPICON_NAME = AppIcon;
				ASSETCATALOG_COMPILER_LAUNCHIMAGE_NAME = LaunchImage;
				GCC_PRECOMPILE_PREFIX_HEADER = YES;
				GCC_PREFIX_HEADER = "BirthdayReminder/BirthdayReminder-Prefix.pch";
				INFOPLIST_FILE = "BirthdayReminder/BirthdayReminder-Info.plist";
				PRODUCT_NAME = "$(TARGET_NAME)";
				SYMROOT = build;
				WRAPPER_EXTENSION = app;
			};
			name = Debug;
		};
		C51CACA4193AA29D00C49846 /* Release */ = {
			isa = XCBuildConfiguration;
			buildSettings = {
				ASSETCATALOG_COMPILER_APPICON_NAME = AppIcon;
				ASSETCATALOG_COMPILER_LAUNCHIMAGE_NAME = LaunchImage;
				GCC_PRECOMPILE_PREFIX_HEADER = YES;
				GCC_PREFIX_HEADER = "BirthdayReminder/BirthdayReminder-Prefix.pch";
				INFOPLIST_FILE = "BirthdayReminder/BirthdayReminder-Info.plist";
				PRODUCT_NAME = "$(TARGET_NAME)";
				SYMROOT = build;
				WRAPPER_EXTENSION = app;
			};
			name = Release;
		};
		C51CACA6193AA29D00C49846 /* Debug */ = {
			isa = XCBuildConfiguration;
			buildSettings = {
				BUNDLE_LOADER = "$(BUILT_PRODUCTS_DIR)/BirthdayReminder.app/BirthdayReminder";
				FRAMEWORK_SEARCH_PATHS = (
					"$(SDKROOT)/Developer/Library/Frameworks",
					"$(inherited)",
					"$(DEVELOPER_FRAMEWORKS_DIR)",
				);
				GCC_PRECOMPILE_PREFIX_HEADER = YES;
				GCC_PREFIX_HEADER = "BirthdayReminder/BirthdayReminder-Prefix.pch";
				GCC_PREPROCESSOR_DEFINITIONS = (
					"DEBUG=1",
					"$(inherited)",
				);
				INFOPLIST_FILE = "BirthdayReminderTests/BirthdayReminderTests-Info.plist";
				PRODUCT_NAME = "$(TARGET_NAME)";
				TEST_HOST = "$(BUNDLE_LOADER)";
				WRAPPER_EXTENSION = xctest;
			};
			name = Debug;
		};
		C51CACA7193AA29D00C49846 /* Release */ = {
			isa = XCBuildConfiguration;
			buildSettings = {
				BUNDLE_LOADER = "$(BUILT_PRODUCTS_DIR)/BirthdayReminder.app/BirthdayReminder";
				FRAMEWORK_SEARCH_PATHS = (
					"$(SDKROOT)/Developer/Library/Frameworks",
					"$(inherited)",
					"$(DEVELOPER_FRAMEWORKS_DIR)",
				);
				GCC_PRECOMPILE_PREFIX_HEADER = YES;
				GCC_PREFIX_HEADER = "BirthdayReminder/BirthdayReminder-Prefix.pch";
				INFOPLIST_FILE = "BirthdayReminderTests/BirthdayReminderTests-Info.plist";
				PRODUCT_NAME = "$(TARGET_NAME)";
				TEST_HOST = "$(BUNDLE_LOADER)";
				WRAPPER_EXTENSION = xctest;
			};
			name = Release;
		};
/* End XCBuildConfiguration section */

/* Begin XCConfigurationList section */
		C51CAC6B193AA29D00C49846 /* Build configuration list for PBXProject "BirthdayReminder" */ = {
			isa = XCConfigurationList;
			buildConfigurations = (
				C51CACA0193AA29D00C49846 /* Debug */,
				C51CACA1193AA29D00C49846 /* Release */,
			);
			defaultConfigurationIsVisible = 0;
			defaultConfigurationName = Release;
		};
		C51CACA2193AA29D00C49846 /* Build configuration list for PBXNativeTarget "BirthdayReminder" */ = {
			isa = XCConfigurationList;
			buildConfigurations = (
				C51CACA3193AA29D00C49846 /* Debug */,
				C51CACA4193AA29D00C49846 /* Release */,
			);
			defaultConfigurationIsVisible = 0;
			defaultConfigurationName = Release;
		};
		C51CACA5193AA29D00C49846 /* Build configuration list for PBXNativeTarget "BirthdayReminderTests" */ = {
			isa = XCConfigurationList;
			buildConfigurations = (
				C51CACA6193AA29D00C49846 /* Debug */,
				C51CACA7193AA29D00C49846 /* Release */,
			);
			defaultConfigurationIsVisible = 0;
			defaultConfigurationName = Release;
		};
/* End XCConfigurationList section */
	};
	rootObject = C51CAC68193AA29D00C49846 /* Project object */;
}
